
Microsoft Visual Studio Solution File, Format Version 12.00
# Visual Studio Version 17
VisualStudioVersion = 17.4.33205.214
MinimumVisualStudioVersion = 10.0.40219.1
Project("{FAE04EC0-301F-11D3-BF4B-00C04F79EFBC}") = "KP_lab1_Framework4.8.1", "KP_lab1_Framework4.8.1.csproj", "{4939302A-7062-4654-8980-5C5E31423570}"
EndProject
Global
	GlobalSection(SolutionConfigurationPlatforms) = preSolution
		Debug|Any CPU = Debug|Any CPU
		Release|Any CPU = Release|Any CPU
	EndGlobalSection
	GlobalSection(ProjectConfigurationPlatforms) = postSolution
		{4939302A-7062-4654-8980-5C5E31423570}.Debug|Any CPU.ActiveCfg = Debug|Any CPU
		{4939302A-7062-4654-8980-5C5E31423570}.Debug|Any CPU.Build.0 = Debug|Any CPU
		{4939302A-7062-4654-8980-5C5E31423570}.Release|Any CPU.ActiveCfg = Release|Any CPU
		{4939302A-7062-4654-8980-5C5E31423570}.Release|Any CPU.Build.0 = Release|Any CPU
	EndGlobalSection
	GlobalSection(SolutionProperties) = preSolution
		HideSolutionNode = FALSE
	EndGlobalSection
	GlobalSection(ExtensibilityGlobals) = postSolution
		SolutionGuid = {418A4070-86EE-4270-9389-03F4F3CC70EE}
	EndGlobalSection
EndGlobal
